
Microsoft Visual Studio Solution File, Format Version 12.00
# Visual Studio Version 17
VisualStudioVersion = 17.9.34607.119
MinimumVisualStudioVersion = 10.0.40219.1
Project("{FAE04EC0-301F-11D3-BF4B-00C04F79EFBC}") = "Rubeus", "Rubeus\Rubeus.csproj", "{658C8B7F-3664-4A95-9572-A3E5871DFC06}"
EndProject
Project("{8BC9CEB8-8B4A-11D0-8D11-00A0C91BC942}") = "LogonCallback", "LogonCallback\LogonCallback\LogonCallback.vcxproj", "{8F6D99DD-3622-4F61-AF3B-1674377A7DA8}"
EndProject
Project("{8BC9CEB8-8B4A-11D0-8D11-00A0C91BC942}") = "LSAcallback", "LSACallback\LSAcallback\LSAcallback.vcxproj", "{ECBFB9BA-5676-4C89-A00B-9B825DBBBA7F}"
EndProject
Project("{FAE04EC0-301F-11D3-BF4B-00C04F79EFBC}") = "WMI", "WMI\WMI\WMI.csproj", "{4AF1C174-75CF-4EC4-ABD6-2760F96AB198}"
EndProject
Global
	GlobalSection(SolutionConfigurationPlatforms) = preSolution
		Debug|Any CPU = Debug|Any CPU
		Debug|x64 = Debug|x64
		Debug|x86 = Debug|x86
		Release|Any CPU = Release|Any CPU
		Release|x64 = Release|x64
		Release|x86 = Release|x86
	EndGlobalSection
	GlobalSection(ProjectConfigurationPlatforms) = postSolution
		{658C8B7F-3664-4A95-9572-A3E5871DFC06}.Debug|Any CPU.ActiveCfg = Debug|Any CPU
		{658C8B7F-3664-4A95-9572-A3E5871DFC06}.Debug|Any CPU.Build.0 = Debug|Any CPU
		{658C8B7F-3664-4A95-9572-A3E5871DFC06}.Debug|x64.ActiveCfg = Debug|Any CPU
		{658C8B7F-3664-4A95-9572-A3E5871DFC06}.Debug|x64.Build.0 = Debug|Any CPU
		{658C8B7F-3664-4A95-9572-A3E5871DFC06}.Debug|x86.ActiveCfg = Debug|Any CPU
		{658C8B7F-3664-4A95-9572-A3E5871DFC06}.Debug|x86.Build.0 = Debug|Any CPU
		{658C8B7F-3664-4A95-9572-A3E5871DFC06}.Release|Any CPU.ActiveCfg = Release|Any CPU
		{658C8B7F-3664-4A95-9572-A3E5871DFC06}.Release|Any CPU.Build.0 = Release|Any CPU
		{658C8B7F-3664-4A95-9572-A3E5871DFC06}.Release|x64.ActiveCfg = Release|Any CPU
		{658C8B7F-3664-4A95-9572-A3E5871DFC06}.Release|x64.Build.0 = Release|Any CPU
		{658C8B7F-3664-4A95-9572-A3E5871DFC06}.Release|x86.ActiveCfg = Release|Any CPU
		{658C8B7F-3664-4A95-9572-A3E5871DFC06}.Release|x86.Build.0 = Release|Any CPU
		{8F6D99DD-3622-4F61-AF3B-1674377A7DA8}.Debug|Any CPU.ActiveCfg = Debug|x64
		{8F6D99DD-3622-4F61-AF3B-1674377A7DA8}.Debug|Any CPU.Build.0 = Debug|x64
		{8F6D99DD-3622-4F61-AF3B-1674377A7DA8}.Debug|x64.ActiveCfg = Debug|x64
		{8F6D99DD-3622-4F61-AF3B-1674377A7DA8}.Debug|x64.Build.0 = Debug|x64
		{8F6D99DD-3622-4F61-AF3B-1674377A7DA8}.Debug|x86.ActiveCfg = Debug|Win32
		{8F6D99DD-3622-4F61-AF3B-1674377A7DA8}.Debug|x86.Build.0 = Debug|Win32
		{8F6D99DD-3622-4F61-AF3B-1674377A7DA8}.Release|Any CPU.ActiveCfg = Release|x64
		{8F6D99DD-3622-4F61-AF3B-1674377A7DA8}.Release|Any CPU.Build.0 = Release|x64
		{8F6D99DD-3622-4F61-AF3B-1674377A7DA8}.Release|x64.ActiveCfg = Release|x64
		{8F6D99DD-3622-4F61-AF3B-1674377A7DA8}.Release|x64.Build.0 = Release|x64
		{8F6D99DD-3622-4F61-AF3B-1674377A7DA8}.Release|x86.ActiveCfg = Release|Win32
		{8F6D99DD-3622-4F61-AF3B-1674377A7DA8}.Release|x86.Build.0 = Release|Win32
		{ECBFB9BA-5676-4C89-A00B-9B825DBBBA7F}.Debug|Any CPU.ActiveCfg = Debug|x64
		{ECBFB9BA-5676-4C89-A00B-9B825DBBBA7F}.Debug|Any CPU.Build.0 = Debug|x64
		{ECBFB9BA-5676-4C89-A00B-9B825DBBBA7F}.Debug|x64.ActiveCfg = Debug|x64
		{ECBFB9BA-5676-4C89-A00B-9B825DBBBA7F}.Debug|x64.Build.0 = Debug|x64
		{ECBFB9BA-5676-4C89-A00B-9B825DBBBA7F}.Debug|x86.ActiveCfg = Debug|Win32
		{ECBFB9BA-5676-4C89-A00B-9B825DBBBA7F}.Debug|x86.Build.0 = Debug|Win32
		{ECBFB9BA-5676-4C89-A00B-9B825DBBBA7F}.Release|Any CPU.ActiveCfg = Release|x64
		{ECBFB9BA-5676-4C89-A00B-9B825DBBBA7F}.Release|Any CPU.Build.0 = Release|x64
		{ECBFB9BA-5676-4C89-A00B-9B825DBBBA7F}.Release|x64.ActiveCfg = Release|x64
		{ECBFB9BA-5676-4C89-A00B-9B825DBBBA7F}.Release|x64.Build.0 = Release|x64
		{ECBFB9BA-5676-4C89-A00B-9B825DBBBA7F}.Release|x86.ActiveCfg = Release|Win32
		{ECBFB9BA-5676-4C89-A00B-9B825DBBBA7F}.Release|x86.Build.0 = Release|Win32
		{4AF1C174-75CF-4EC4-ABD6-2760F96AB198}.Debug|Any CPU.ActiveCfg = Debug|Any CPU
		{4AF1C174-75CF-4EC4-ABD6-2760F96AB198}.Debug|Any CPU.Build.0 = Debug|Any CPU
		{4AF1C174-75CF-4EC4-ABD6-2760F96AB198}.Debug|x64.ActiveCfg = Debug|Any CPU
		{4AF1C174-75CF-4EC4-ABD6-2760F96AB198}.Debug|x64.Build.0 = Debug|Any CPU
		{4AF1C174-75CF-4EC4-ABD6-2760F96AB198}.Debug|x86.ActiveCfg = Debug|Any CPU
		{4AF1C174-75CF-4EC4-ABD6-2760F96AB198}.Debug|x86.Build.0 = Debug|Any CPU
		{4AF1C174-75CF-4EC4-ABD6-2760F96AB198}.Release|Any CPU.ActiveCfg = Release|Any CPU
		{4AF1C174-75CF-4EC4-ABD6-2760F96AB198}.Release|Any CPU.Build.0 = Release|Any CPU
		{4AF1C174-75CF-4EC4-ABD6-2760F96AB198}.Release|x64.ActiveCfg = Release|Any CPU
		{4AF1C174-75CF-4EC4-ABD6-2760F96AB198}.Release|x64.Build.0 = Release|Any CPU
		{4AF1C174-75CF-4EC4-ABD6-2760F96AB198}.Release|x86.ActiveCfg = Release|Any CPU
		{4AF1C174-75CF-4EC4-ABD6-2760F96AB198}.Release|x86.Build.0 = Release|Any CPU
	EndGlobalSection
	GlobalSection(SolutionProperties) = preSolution
		HideSolutionNode = FALSE
	EndGlobalSection
	GlobalSection(ExtensibilityGlobals) = postSolution
		SolutionGuid = {966C193D-BF4A-4128-B299-D994A9B335F4}
	EndGlobalSection
EndGlobal
